
Microsoft Visual Studio Solution File, Format Version 12.00
# Visual Studio Version 17
VisualStudioVersion = 17.2.32519.379
MinimumVisualStudioVersion = 10.0.40219.1
Project("{FAE04EC0-301F-11D3-BF4B-00C04F79EFBC}") = "WeatherApp_WinForm", "WeatherApp_WinForm\WeatherApp_WinForm.csproj", "{D8FBFFF6-F188-4C17-84E1-F5F3DA4C96EE}"
EndProject
Global
	GlobalSection(SolutionConfigurationPlatforms) = preSolution
		Debug|Any CPU = Debug|Any CPU
		Release|Any CPU = Release|Any CPU
	EndGlobalSection
	GlobalSection(ProjectConfigurationPlatforms) = postSolution
		{D8FBFFF6-F188-4C17-84E1-F5F3DA4C96EE}.Debug|Any CPU.ActiveCfg = Debug|Any CPU
		{D8FBFFF6-F188-4C17-84E1-F5F3DA4C96EE}.Debug|Any CPU.Build.0 = Debug|Any CPU
		{D8FBFFF6-F188-4C17-84E1-F5F3DA4C96EE}.Release|Any CPU.ActiveCfg = Release|Any CPU
		{D8FBFFF6-F188-4C17-84E1-F5F3DA4C96EE}.Release|Any CPU.Build.0 = Release|Any CPU
	EndGlobalSection
	GlobalSection(SolutionProperties) = preSolution
		HideSolutionNode = FALSE
	EndGlobalSection
	GlobalSection(ExtensibilityGlobals) = postSolution
		SolutionGuid = {3D133EFB-60C5-4DCE-99EF-0FF0301593EA}
	EndGlobalSection
EndGlobal
